// !$*UTF8*$!
{
	archiveVersion = 1;
	classes = {
	};
	objectVersion = 48;
	objects = {

/* Begin PBXBuildFile section */
		202F31EAD5D8124BAC4E03C7 /* CustomNavigationViewController.swift in Sources */ = {isa = PBXBuildFile; fileRef = 202F3F57B3A504D0A32FB7CA /* CustomNavigationViewController.swift */; };
		202F332E397675CF9EB4712E /* TabConvertible.swift in Sources */ = {isa = PBXBuildFile; fileRef = 202F3F042FFA016BAC7AA441 /* TabConvertible.swift */; };
		202F33FA9B21E4B24F799FA7 /* PostStatus.swift in Sources */ = {isa = PBXBuildFile; fileRef = 202F36EE2EF8F054234446EF /* PostStatus.swift */; };
		202F3831F550445DC4F369E9 /* FeedViewModel.swift in Sources */ = {isa = PBXBuildFile; fileRef = 202F3A28DF09562234A617FD /* FeedViewModel.swift */; };
		202F39B0DF308A8FD56478C9 /* Post.swift in Sources */ = {isa = PBXBuildFile; fileRef = 202F3383342247840583E038 /* Post.swift */; };
		202F39DBD504021624EBE12F /* UILabel+Extension.swift in Sources */ = {isa = PBXBuildFile; fileRef = 202F38B5086A40BE64300C6B /* UILabel+Extension.swift */; };
		202F3B0A81604DD63D8D87C4 /* UIColor+Extension.swift in Sources */ = {isa = PBXBuildFile; fileRef = 202F34AD997061A4CD3F12BF /* UIColor+Extension.swift */; };
		202F3CD4A95E9C7DA996EEF5 /* UIView+Extension.swift in Sources */ = {isa = PBXBuildFile; fileRef = 202F3EAD2A255E28C066B118 /* UIView+Extension.swift */; };
		202F3D836B47508A17CA28DD /* PostMeta.swift in Sources */ = {isa = PBXBuildFile; fileRef = 202F3F2CE8D0903AD4184C5B /* PostMeta.swift */; };
		202F3FA362509F1E286C7C3F /* User.swift in Sources */ = {isa = PBXBuildFile; fileRef = 202F3AD3196A52B89B0D5F1D /* User.swift */; };
		B43FC594200370DE00344483 /* SecondaryHeaderView.xib in Resources */ = {isa = PBXBuildFile; fileRef = B43FC593200370DE00344483 /* SecondaryHeaderView.xib */; };
		B43FC596200370F200344483 /* SecondaryHeaderView.swift in Sources */ = {isa = PBXBuildFile; fileRef = B43FC595200370F200344483 /* SecondaryHeaderView.swift */; };
		B45942F01FFD341A00A30A08 /* Montserrat-SemiBold.ttf in Resources */ = {isa = PBXBuildFile; fileRef = B45942EF1FFD341A00A30A08 /* Montserrat-SemiBold.ttf */; };
		B459430C1FFD343D00A30A08 /* VNF-ProximaNovaCond-Regular.ttf in Resources */ = {isa = PBXBuildFile; fileRef = B45942FE1FFD343D00A30A08 /* VNF-ProximaNovaCond-Regular.ttf */; };
		B48C59081FFE729F00C6E0E4 /* AuthorCell.xib in Resources */ = {isa = PBXBuildFile; fileRef = B48C59071FFE729F00C6E0E4 /* AuthorCell.xib */; };
		B48C590A1FFE72EF00C6E0E4 /* AuthorCell.swift in Sources */ = {isa = PBXBuildFile; fileRef = B48C59091FFE72EF00C6E0E4 /* AuthorCell.swift */; };
		B48C590C1FFE74F400C6E0E4 /* HotAuthorView.xib in Resources */ = {isa = PBXBuildFile; fileRef = B48C590B1FFE74F400C6E0E4 /* HotAuthorView.xib */; };
		B48C590E1FFE771500C6E0E4 /* HotAuthorView.swift in Sources */ = {isa = PBXBuildFile; fileRef = B48C590D1FFE771500C6E0E4 /* HotAuthorView.swift */; };
		B4E92FF01FEBDDE30021A41D /* AppDelegate.swift in Sources */ = {isa = PBXBuildFile; fileRef = B4E92FEF1FEBDDE30021A41D /* AppDelegate.swift */; };
		B4E92FF21FEBDDE30021A41D /* RootViewController.swift in Sources */ = {isa = PBXBuildFile; fileRef = B4E92FF11FEBDDE30021A41D /* RootViewController.swift */; };
		B4E92FF51FEBDDE30021A41D /* Main.storyboard in Resources */ = {isa = PBXBuildFile; fileRef = B4E92FF31FEBDDE30021A41D /* Main.storyboard */; };
		B4E92FF71FEBDDE30021A41D /* Assets.xcassets in Resources */ = {isa = PBXBuildFile; fileRef = B4E92FF61FEBDDE30021A41D /* Assets.xcassets */; };
		B4E92FFA1FEBDDE30021A41D /* LaunchScreen.storyboard in Resources */ = {isa = PBXBuildFile; fileRef = B4E92FF81FEBDDE30021A41D /* LaunchScreen.storyboard */; };
		B4E930051FEBDDE40021A41D /* KipalogTests.swift in Sources */ = {isa = PBXBuildFile; fileRef = B4E930041FEBDDE40021A41D /* KipalogTests.swift */; };
		B4E930171FECE5F20021A41D /* RxSwift.framework in Frameworks */ = {isa = PBXBuildFile; fileRef = B4E930101FECE5F10021A41D /* RxSwift.framework */; };
		B4E930181FECE5F20021A41D /* APIKit.framework in Frameworks */ = {isa = PBXBuildFile; fileRef = B4E930111FECE5F10021A41D /* APIKit.framework */; };
		B4E930191FECE5F20021A41D /* Result.framework in Frameworks */ = {isa = PBXBuildFile; fileRef = B4E930121FECE5F10021A41D /* Result.framework */; };
		B4E9301A1FECE5F20021A41D /* RxCocoa.framework in Frameworks */ = {isa = PBXBuildFile; fileRef = B4E930131FECE5F10021A41D /* RxCocoa.framework */; };
		B4E9301B1FECE5F20021A41D /* Himotoki.framework in Frameworks */ = {isa = PBXBuildFile; fileRef = B4E930141FECE5F10021A41D /* Himotoki.framework */; };
		B4E9301D1FECE5F20021A41D /* RxBlocking.framework in Frameworks */ = {isa = PBXBuildFile; fileRef = B4E930161FECE5F20021A41D /* RxBlocking.framework */; };
		B4E9302C1FECFA130021A41D /* CustomTabBarViewController.swift in Sources */ = {isa = PBXBuildFile; fileRef = B4E9302B1FECFA130021A41D /* CustomTabBarViewController.swift */; };
		B4E9302F1FECFB510021A41D /* FeedViewController.swift in Sources */ = {isa = PBXBuildFile; fileRef = B4E9302E1FECFB510021A41D /* FeedViewController.swift */; };
		B4E930321FECFC2C0021A41D /* SearchViewController.swift in Sources */ = {isa = PBXBuildFile; fileRef = B4E930311FECFC2C0021A41D /* SearchViewController.swift */; };
		B4E930381FECFC9D0021A41D /* NotificationsViewController.swift in Sources */ = {isa = PBXBuildFile; fileRef = B4E930371FECFC9D0021A41D /* NotificationsViewController.swift */; };
		B4E9303B1FECFCBF0021A41D /* ProfileViewController.swift in Sources */ = {isa = PBXBuildFile; fileRef = B4E9303A1FECFCBF0021A41D /* ProfileViewController.swift */; };
		B4E9303D1FED01C30021A41D /* UIViewController+Extension.swift in Sources */ = {isa = PBXBuildFile; fileRef = B4E9303C1FED01C30021A41D /* UIViewController+Extension.swift */; };
		B4E930441FEFCBE40021A41D /* Kingfisher.framework in Frameworks */ = {isa = PBXBuildFile; fileRef = B4E930431FEFCBE40021A41D /* Kingfisher.framework */; };
		B4E930471FF0E7540021A41D /* FeedCell.swift in Sources */ = {isa = PBXBuildFile; fileRef = B4E930451FF0E7540021A41D /* FeedCell.swift */; };
		B4E930481FF0E7540021A41D /* FeedCell.xib in Resources */ = {isa = PBXBuildFile; fileRef = B4E930461FF0E7540021A41D /* FeedCell.xib */; };
/* End PBXBuildFile section */

/* Begin PBXContainerItemProxy section */
		B4E930011FEBDDE40021A41D /* PBXContainerItemProxy */ = {
			isa = PBXContainerItemProxy;
			containerPortal = B4E92FE41FEBDDE30021A41D /* Project object */;
			proxyType = 1;
			remoteGlobalIDString = B4E92FEB1FEBDDE30021A41D;
			remoteInfo = Kipalog;
		};
/* End PBXContainerItemProxy section */

/* Begin PBXFileReference section */
		202F3383342247840583E038 /* Post.swift */ = {isa = PBXFileReference; fileEncoding = 4; lastKnownFileType = sourcecode.swift; path = Post.swift; sourceTree = "<group>"; };
		202F34AD997061A4CD3F12BF /* UIColor+Extension.swift */ = {isa = PBXFileReference; fileEncoding = 4; lastKnownFileType = sourcecode.swift; path = "UIColor+Extension.swift"; sourceTree = "<group>"; };
		202F36EE2EF8F054234446EF /* PostStatus.swift */ = {isa = PBXFileReference; fileEncoding = 4; lastKnownFileType = sourcecode.swift; path = PostStatus.swift; sourceTree = "<group>"; };
		202F38B5086A40BE64300C6B /* UILabel+Extension.swift */ = {isa = PBXFileReference; fileEncoding = 4; lastKnownFileType = sourcecode.swift; path = "UILabel+Extension.swift"; sourceTree = "<group>"; };
		202F3A28DF09562234A617FD /* FeedViewModel.swift */ = {isa = PBXFileReference; fileEncoding = 4; lastKnownFileType = sourcecode.swift; path = FeedViewModel.swift; sourceTree = "<group>"; };
		202F3AD3196A52B89B0D5F1D /* User.swift */ = {isa = PBXFileReference; fileEncoding = 4; lastKnownFileType = sourcecode.swift; path = User.swift; sourceTree = "<group>"; };
		202F3EAD2A255E28C066B118 /* UIView+Extension.swift */ = {isa = PBXFileReference; fileEncoding = 4; lastKnownFileType = sourcecode.swift; path = "UIView+Extension.swift"; sourceTree = "<group>"; };
		202F3F042FFA016BAC7AA441 /* TabConvertible.swift */ = {isa = PBXFileReference; fileEncoding = 4; lastKnownFileType = sourcecode.swift; path = TabConvertible.swift; sourceTree = "<group>"; };
		202F3F2CE8D0903AD4184C5B /* PostMeta.swift */ = {isa = PBXFileReference; fileEncoding = 4; lastKnownFileType = sourcecode.swift; path = PostMeta.swift; sourceTree = "<group>"; };
		202F3F57B3A504D0A32FB7CA /* CustomNavigationViewController.swift */ = {isa = PBXFileReference; fileEncoding = 4; lastKnownFileType = sourcecode.swift; path = CustomNavigationViewController.swift; sourceTree = "<group>"; };
		B43FC593200370DE00344483 /* SecondaryHeaderView.xib */ = {isa = PBXFileReference; lastKnownFileType = file.xib; path = SecondaryHeaderView.xib; sourceTree = "<group>"; };
		B43FC595200370F200344483 /* SecondaryHeaderView.swift */ = {isa = PBXFileReference; lastKnownFileType = sourcecode.swift; path = SecondaryHeaderView.swift; sourceTree = "<group>"; };
		B45942EF1FFD341A00A30A08 /* Montserrat-SemiBold.ttf */ = {isa = PBXFileReference; lastKnownFileType = file; path = "Montserrat-SemiBold.ttf"; sourceTree = "<group>"; };
		B45942FE1FFD343D00A30A08 /* VNF-ProximaNovaCond-Regular.ttf */ = {isa = PBXFileReference; lastKnownFileType = file; path = "VNF-ProximaNovaCond-Regular.ttf"; sourceTree = "<group>"; };
		B48C59071FFE729F00C6E0E4 /* AuthorCell.xib */ = {isa = PBXFileReference; lastKnownFileType = file.xib; path = AuthorCell.xib; sourceTree = "<group>"; };
		B48C59091FFE72EF00C6E0E4 /* AuthorCell.swift */ = {isa = PBXFileReference; lastKnownFileType = sourcecode.swift; path = AuthorCell.swift; sourceTree = "<group>"; };
		B48C590B1FFE74F400C6E0E4 /* HotAuthorView.xib */ = {isa = PBXFileReference; lastKnownFileType = file.xib; path = HotAuthorView.xib; sourceTree = "<group>"; };
		B48C590D1FFE771500C6E0E4 /* HotAuthorView.swift */ = {isa = PBXFileReference; lastKnownFileType = sourcecode.swift; path = HotAuthorView.swift; sourceTree = "<group>"; };
		B4E92FEC1FEBDDE30021A41D /* Kipalog.app */ = {isa = PBXFileReference; explicitFileType = wrapper.application; includeInIndex = 0; path = Kipalog.app; sourceTree = BUILT_PRODUCTS_DIR; };
		B4E92FEF1FEBDDE30021A41D /* AppDelegate.swift */ = {isa = PBXFileReference; lastKnownFileType = sourcecode.swift; path = AppDelegate.swift; sourceTree = "<group>"; };
		B4E92FF11FEBDDE30021A41D /* RootViewController.swift */ = {isa = PBXFileReference; lastKnownFileType = sourcecode.swift; path = RootViewController.swift; sourceTree = "<group>"; };
		B4E92FF41FEBDDE30021A41D /* Base */ = {isa = PBXFileReference; lastKnownFileType = file.storyboard; name = Base; path = Base.lproj/Main.storyboard; sourceTree = "<group>"; };
		B4E92FF61FEBDDE30021A41D /* Assets.xcassets */ = {isa = PBXFileReference; lastKnownFileType = folder.assetcatalog; path = Assets.xcassets; sourceTree = "<group>"; };
		B4E92FF91FEBDDE30021A41D /* Base */ = {isa = PBXFileReference; lastKnownFileType = file.storyboard; name = Base; path = Base.lproj/LaunchScreen.storyboard; sourceTree = "<group>"; };
		B4E92FFB1FEBDDE30021A41D /* Info.plist */ = {isa = PBXFileReference; lastKnownFileType = text.plist.xml; path = Info.plist; sourceTree = "<group>"; };
		B4E930001FEBDDE30021A41D /* KipalogTests.xctest */ = {isa = PBXFileReference; explicitFileType = wrapper.cfbundle; includeInIndex = 0; path = KipalogTests.xctest; sourceTree = BUILT_PRODUCTS_DIR; };
		B4E930041FEBDDE40021A41D /* KipalogTests.swift */ = {isa = PBXFileReference; lastKnownFileType = sourcecode.swift; path = KipalogTests.swift; sourceTree = "<group>"; };
		B4E930061FEBDDE40021A41D /* Info.plist */ = {isa = PBXFileReference; lastKnownFileType = text.plist.xml; path = Info.plist; sourceTree = "<group>"; };
		B4E930101FECE5F10021A41D /* RxSwift.framework */ = {isa = PBXFileReference; lastKnownFileType = wrapper.framework; name = RxSwift.framework; path = Carthage/Build/iOS/RxSwift.framework; sourceTree = "<group>"; };
		B4E930111FECE5F10021A41D /* APIKit.framework */ = {isa = PBXFileReference; lastKnownFileType = wrapper.framework; name = APIKit.framework; path = Carthage/Build/iOS/APIKit.framework; sourceTree = "<group>"; };
		B4E930121FECE5F10021A41D /* Result.framework */ = {isa = PBXFileReference; lastKnownFileType = wrapper.framework; name = Result.framework; path = Carthage/Build/iOS/Result.framework; sourceTree = "<group>"; };
		B4E930131FECE5F10021A41D /* RxCocoa.framework */ = {isa = PBXFileReference; lastKnownFileType = wrapper.framework; name = RxCocoa.framework; path = Carthage/Build/iOS/RxCocoa.framework; sourceTree = "<group>"; };
		B4E930141FECE5F10021A41D /* Himotoki.framework */ = {isa = PBXFileReference; lastKnownFileType = wrapper.framework; name = Himotoki.framework; path = Carthage/Build/iOS/Himotoki.framework; sourceTree = "<group>"; };
		B4E930151FECE5F10021A41D /* RxTest.framework */ = {isa = PBXFileReference; lastKnownFileType = wrapper.framework; name = RxTest.framework; path = Carthage/Build/iOS/RxTest.framework; sourceTree = "<group>"; };
		B4E930161FECE5F20021A41D /* RxBlocking.framework */ = {isa = PBXFileReference; lastKnownFileType = wrapper.framework; name = RxBlocking.framework; path = Carthage/Build/iOS/RxBlocking.framework; sourceTree = "<group>"; };
		B4E930211FECE84D0021A41D /* XCTest.framework */ = {isa = PBXFileReference; lastKnownFileType = wrapper.framework; name = XCTest.framework; path = Platforms/iPhoneOS.platform/Developer/Library/Frameworks/XCTest.framework; sourceTree = DEVELOPER_DIR; };
		B4E9302B1FECFA130021A41D /* CustomTabBarViewController.swift */ = {isa = PBXFileReference; lastKnownFileType = sourcecode.swift; path = CustomTabBarViewController.swift; sourceTree = "<group>"; };
		B4E9302E1FECFB510021A41D /* FeedViewController.swift */ = {isa = PBXFileReference; lastKnownFileType = sourcecode.swift; path = FeedViewController.swift; sourceTree = "<group>"; };
		B4E930311FECFC2C0021A41D /* SearchViewController.swift */ = {isa = PBXFileReference; lastKnownFileType = sourcecode.swift; path = SearchViewController.swift; sourceTree = "<group>"; };
		B4E930371FECFC9D0021A41D /* NotificationsViewController.swift */ = {isa = PBXFileReference; lastKnownFileType = sourcecode.swift; path = NotificationsViewController.swift; sourceTree = "<group>"; };
		B4E9303A1FECFCBF0021A41D /* ProfileViewController.swift */ = {isa = PBXFileReference; lastKnownFileType = sourcecode.swift; path = ProfileViewController.swift; sourceTree = "<group>"; };
		B4E9303C1FED01C30021A41D /* UIViewController+Extension.swift */ = {isa = PBXFileReference; lastKnownFileType = sourcecode.swift; path = "UIViewController+Extension.swift"; sourceTree = "<group>"; };
		B4E930431FEFCBE40021A41D /* Kingfisher.framework */ = {isa = PBXFileReference; lastKnownFileType = wrapper.framework; name = Kingfisher.framework; path = Carthage/Build/iOS/Kingfisher.framework; sourceTree = "<group>"; };
		B4E930451FF0E7540021A41D /* FeedCell.swift */ = {isa = PBXFileReference; lastKnownFileType = sourcecode.swift; path = FeedCell.swift; sourceTree = "<group>"; };
		B4E930461FF0E7540021A41D /* FeedCell.xib */ = {isa = PBXFileReference; lastKnownFileType = file.xib; path = FeedCell.xib; sourceTree = "<group>"; };
/* End PBXFileReference section */

/* Begin PBXFrameworksBuildPhase section */
		B4E92FE91FEBDDE30021A41D /* Frameworks */ = {
			isa = PBXFrameworksBuildPhase;
			buildActionMask = 2147483647;
			files = (
				B4E930441FEFCBE40021A41D /* Kingfisher.framework in Frameworks */,
				B4E930171FECE5F20021A41D /* RxSwift.framework in Frameworks */,
				B4E930181FECE5F20021A41D /* APIKit.framework in Frameworks */,
				B4E930191FECE5F20021A41D /* Result.framework in Frameworks */,
				B4E9301A1FECE5F20021A41D /* RxCocoa.framework in Frameworks */,
				B4E9301B1FECE5F20021A41D /* Himotoki.framework in Frameworks */,
				B4E9301D1FECE5F20021A41D /* RxBlocking.framework in Frameworks */,
			);
			runOnlyForDeploymentPostprocessing = 0;
		};
		B4E92FFD1FEBDDE30021A41D /* Frameworks */ = {
			isa = PBXFrameworksBuildPhase;
			buildActionMask = 2147483647;
			files = (
			);
			runOnlyForDeploymentPostprocessing = 0;
		};
/* End PBXFrameworksBuildPhase section */

/* Begin PBXGroup section */
		B43FC58F2003703300344483 /* FeedCell */ = {
			isa = PBXGroup;
			children = (
				B4E930451FF0E7540021A41D /* FeedCell.swift */,
				B4E930461FF0E7540021A41D /* FeedCell.xib */,
			);
			path = FeedCell;
			sourceTree = "<group>";
		};
		B43FC5902003703E00344483 /* AuthorCell */ = {
			isa = PBXGroup;
			children = (
				B48C59071FFE729F00C6E0E4 /* AuthorCell.xib */,
				B48C59091FFE72EF00C6E0E4 /* AuthorCell.swift */,
			);
			path = AuthorCell;
			sourceTree = "<group>";
		};
		B43FC5912003704A00344483 /* HotAuthorView */ = {
			isa = PBXGroup;
			children = (
				B48C590B1FFE74F400C6E0E4 /* HotAuthorView.xib */,
				B48C590D1FFE771500C6E0E4 /* HotAuthorView.swift */,
			);
			path = HotAuthorView;
			sourceTree = "<group>";
		};
		B43FC592200370C500344483 /* SecondaryHeaderView */ = {
			isa = PBXGroup;
			children = (
				B43FC593200370DE00344483 /* SecondaryHeaderView.xib */,
				B43FC595200370F200344483 /* SecondaryHeaderView.swift */,
			);
			path = SecondaryHeaderView;
			sourceTree = "<group>";
		};
		B45942EE1FFD33E200A30A08 /* Fonts */ = {
			isa = PBXGroup;
			children = (
				B45942FE1FFD343D00A30A08 /* VNF-ProximaNovaCond-Regular.ttf */,
				B45942EF1FFD341A00A30A08 /* Montserrat-SemiBold.ttf */,
			);
			path = Fonts;
			sourceTree = "<group>";
		};
		B4E92FE31FEBDDE30021A41D = {
			isa = PBXGroup;
			children = (
				B4E92FEE1FEBDDE30021A41D /* Kipalog */,
				B4E930031FEBDDE40021A41D /* KipalogTests */,
				B4E92FED1FEBDDE30021A41D /* Products */,
				B4E9300F1FECE5F10021A41D /* Frameworks */,
			);
			sourceTree = "<group>";
		};
		B4E92FED1FEBDDE30021A41D /* Products */ = {
			isa = PBXGroup;
			children = (
				B4E92FEC1FEBDDE30021A41D /* Kipalog.app */,
				B4E930001FEBDDE30021A41D /* KipalogTests.xctest */,
			);
			name = Products;
			sourceTree = "<group>";
		};
		B4E92FEE1FEBDDE30021A41D /* Kipalog */ = {
			isa = PBXGroup;
			children = (
				B4E9302A1FECEA810021A41D /* Supporting Files */,
				B4E930291FECEA6E0021A41D /* View Components */,
				B4E930281FECEA660021A41D /* Extension */,
				B4E930271FECEA5E0021A41D /* Model */,
				B4E930261FECEA550021A41D /* View */,
				B4E92FEF1FEBDDE30021A41D /* AppDelegate.swift */,
				B4E92FF11FEBDDE30021A41D /* RootViewController.swift */,
				B4E92FF31FEBDDE30021A41D /* Main.storyboard */,
			);
			path = Kipalog;
			sourceTree = "<group>";
		};
		B4E930031FEBDDE40021A41D /* KipalogTests */ = {
			isa = PBXGroup;
			children = (
				B4E930041FEBDDE40021A41D /* KipalogTests.swift */,
				B4E930061FEBDDE40021A41D /* Info.plist */,
			);
			path = KipalogTests;
			sourceTree = "<group>";
		};
		B4E9300F1FECE5F10021A41D /* Frameworks */ = {
			isa = PBXGroup;
			children = (
				B4E930431FEFCBE40021A41D /* Kingfisher.framework */,
				B4E930211FECE84D0021A41D /* XCTest.framework */,
				B4E930111FECE5F10021A41D /* APIKit.framework */,
				B4E930141FECE5F10021A41D /* Himotoki.framework */,
				B4E930121FECE5F10021A41D /* Result.framework */,
				B4E930161FECE5F20021A41D /* RxBlocking.framework */,
				B4E930131FECE5F10021A41D /* RxCocoa.framework */,
				B4E930101FECE5F10021A41D /* RxSwift.framework */,
				B4E930151FECE5F10021A41D /* RxTest.framework */,
			);
			name = Frameworks;
			sourceTree = "<group>";
		};
		B4E930261FECEA550021A41D /* View */ = {
			isa = PBXGroup;
			children = (
				B4E9303E1FED03760021A41D /* TabBar */,
				B4E930391FECFCAE0021A41D /* Profile */,
				B4E930361FECFC7C0021A41D /* Notifications */,
				B4E930301FECFB710021A41D /* Search */,
				B4E9302D1FECFB3B0021A41D /* Feed */,
			);
			path = View;
			sourceTree = "<group>";
		};
		B4E930271FECEA5E0021A41D /* Model */ = {
			isa = PBXGroup;
			children = (
				202F3383342247840583E038 /* Post.swift */,
				202F3AD3196A52B89B0D5F1D /* User.swift */,
				202F36EE2EF8F054234446EF /* PostStatus.swift */,
				202F3F2CE8D0903AD4184C5B /* PostMeta.swift */,
			);
			path = Model;
			sourceTree = "<group>";
		};
		B4E930281FECEA660021A41D /* Extension */ = {
			isa = PBXGroup;
			children = (
				B4E9303C1FED01C30021A41D /* UIViewController+Extension.swift */,
				202F3EAD2A255E28C066B118 /* UIView+Extension.swift */,
				202F34AD997061A4CD3F12BF /* UIColor+Extension.swift */,
				202F38B5086A40BE64300C6B /* UILabel+Extension.swift */,
			);
			path = Extension;
			sourceTree = "<group>";
		};
		B4E930291FECEA6E0021A41D /* View Components */ = {
			isa = PBXGroup;
			children = (
			);
			path = "View Components";
			sourceTree = "<group>";
		};
		B4E9302A1FECEA810021A41D /* Supporting Files */ = {
			isa = PBXGroup;
			children = (
				B45942EE1FFD33E200A30A08 /* Fonts */,
				B4E92FF81FEBDDE30021A41D /* LaunchScreen.storyboard */,
				B4E92FFB1FEBDDE30021A41D /* Info.plist */,
				B4E92FF61FEBDDE30021A41D /* Assets.xcassets */,
			);
			path = "Supporting Files";
			sourceTree = "<group>";
		};
		B4E9302D1FECFB3B0021A41D /* Feed */ = {
			isa = PBXGroup;
			children = (
				B43FC592200370C500344483 /* SecondaryHeaderView */,
				B43FC5912003704A00344483 /* HotAuthorView */,
				B43FC5902003703E00344483 /* AuthorCell */,
				B43FC58F2003703300344483 /* FeedCell */,
				B4E9302E1FECFB510021A41D /* FeedViewController.swift */,
				202F3A28DF09562234A617FD /* FeedViewModel.swift */,
			);
			path = Feed;
			sourceTree = "<group>";
		};
		B4E930301FECFB710021A41D /* Search */ = {
			isa = PBXGroup;
			children = (
				B4E930311FECFC2C0021A41D /* SearchViewController.swift */,
			);
			path = Search;
			sourceTree = "<group>";
		};
		B4E930361FECFC7C0021A41D /* Notifications */ = {
			isa = PBXGroup;
			children = (
				B4E930371FECFC9D0021A41D /* NotificationsViewController.swift */,
			);
			path = Notifications;
			sourceTree = "<group>";
		};
		B4E930391FECFCAE0021A41D /* Profile */ = {
			isa = PBXGroup;
			children = (
				B4E9303A1FECFCBF0021A41D /* ProfileViewController.swift */,
			);
			path = Profile;
			sourceTree = "<group>";
		};
		B4E9303E1FED03760021A41D /* TabBar */ = {
			isa = PBXGroup;
			children = (
				B4E9302B1FECFA130021A41D /* CustomTabBarViewController.swift */,
				202F3F042FFA016BAC7AA441 /* TabConvertible.swift */,
				202F3F57B3A504D0A32FB7CA /* CustomNavigationViewController.swift */,
			);
			path = TabBar;
			sourceTree = "<group>";
		};
/* End PBXGroup section */

/* Begin PBXNativeTarget section */
		B4E92FEB1FEBDDE30021A41D /* Kipalog */ = {
			isa = PBXNativeTarget;
			buildConfigurationList = B4E930091FEBDDE40021A41D /* Build configuration list for PBXNativeTarget "Kipalog" */;
			buildPhases = (
				B4E92FE81FEBDDE30021A41D /* Sources */,
				B4E92FE91FEBDDE30021A41D /* Frameworks */,
				B4E92FEA1FEBDDE30021A41D /* Resources */,
				B4E9301E1FECE60E0021A41D /* ShellScript */,
			);
			buildRules = (
			);
			dependencies = (
			);
			name = Kipalog;
			productName = Kipalog;
			productReference = B4E92FEC1FEBDDE30021A41D /* Kipalog.app */;
			productType = "com.apple.product-type.application";
		};
		B4E92FFF1FEBDDE30021A41D /* KipalogTests */ = {
			isa = PBXNativeTarget;
			buildConfigurationList = B4E9300C1FEBDDE40021A41D /* Build configuration list for PBXNativeTarget "KipalogTests" */;
			buildPhases = (
				B4E92FFC1FEBDDE30021A41D /* Sources */,
				B4E92FFD1FEBDDE30021A41D /* Frameworks */,
				B4E92FFE1FEBDDE30021A41D /* Resources */,
			);
			buildRules = (
			);
			dependencies = (
				B4E930021FEBDDE40021A41D /* PBXTargetDependency */,
			);
			name = KipalogTests;
			productName = KipalogTests;
			productReference = B4E930001FEBDDE30021A41D /* KipalogTests.xctest */;
			productType = "com.apple.product-type.bundle.unit-test";
		};
/* End PBXNativeTarget section */

/* Begin PBXProject section */
		B4E92FE41FEBDDE30021A41D /* Project object */ = {
			isa = PBXProject;
			attributes = {
				LastSwiftUpdateCheck = 0920;
				LastUpgradeCheck = 0920;
				ORGANIZATIONNAME = Kipalog;
				TargetAttributes = {
					B4E92FEB1FEBDDE30021A41D = {
						CreatedOnToolsVersion = 9.2;
						ProvisioningStyle = Automatic;
					};
					B4E92FFF1FEBDDE30021A41D = {
						CreatedOnToolsVersion = 9.2;
						ProvisioningStyle = Automatic;
						TestTargetID = B4E92FEB1FEBDDE30021A41D;
					};
				};
			};
			buildConfigurationList = B4E92FE71FEBDDE30021A41D /* Build configuration list for PBXProject "Kipalog" */;
			compatibilityVersion = "Xcode 8.0";
			developmentRegion = en;
			hasScannedForEncodings = 0;
			knownRegions = (
				en,
				Base,
			);
			mainGroup = B4E92FE31FEBDDE30021A41D;
			productRefGroup = B4E92FED1FEBDDE30021A41D /* Products */;
			projectDirPath = "";
			projectRoot = "";
			targets = (
				B4E92FEB1FEBDDE30021A41D /* Kipalog */,
				B4E92FFF1FEBDDE30021A41D /* KipalogTests */,
			);
		};
/* End PBXProject section */

/* Begin PBXResourcesBuildPhase section */
		B4E92FEA1FEBDDE30021A41D /* Resources */ = {
			isa = PBXResourcesBuildPhase;
			buildActionMask = 2147483647;
			files = (
				B48C59081FFE729F00C6E0E4 /* AuthorCell.xib in Resources */,
				B43FC594200370DE00344483 /* SecondaryHeaderView.xib in Resources */,
				B4E92FFA1FEBDDE30021A41D /* LaunchScreen.storyboard in Resources */,
				B4E930481FF0E7540021A41D /* FeedCell.xib in Resources */,
				B4E92FF71FEBDDE30021A41D /* Assets.xcassets in Resources */,
				B48C590C1FFE74F400C6E0E4 /* HotAuthorView.xib in Resources */,
				B4E92FF51FEBDDE30021A41D /* Main.storyboard in Resources */,
				B459430C1FFD343D00A30A08 /* VNF-ProximaNovaCond-Regular.ttf in Resources */,
				B45942F01FFD341A00A30A08 /* Montserrat-SemiBold.ttf in Resources */,
			);
			runOnlyForDeploymentPostprocessing = 0;
		};
		B4E92FFE1FEBDDE30021A41D /* Resources */ = {
			isa = PBXResourcesBuildPhase;
			buildActionMask = 2147483647;
			files = (
			);
			runOnlyForDeploymentPostprocessing = 0;
		};
/* End PBXResourcesBuildPhase section */

/* Begin PBXShellScriptBuildPhase section */
		B4E9301E1FECE60E0021A41D /* ShellScript */ = {
			isa = PBXShellScriptBuildPhase;
			buildActionMask = 2147483647;
			files = (
			);
			inputPaths = (
				"$(SRCROOT)/Carthage/Build/iOS/APIKit.framework",
				"$(SRCROOT)/Carthage/Build/iOS/Himotoki.framework",
				"$(SRCROOT)/Carthage/Build/iOS/Result.framework",
				"$(SRCROOT)/Carthage/Build/iOS/RxSwift.framework",
				"$(SRCROOT)/Carthage/Build/iOS/RxCocoa.framework",
				"$(SRCROOT)/Carthage/Build/iOS/RxBlocking.framework",
				"$(SRCROOT)/Carthage/Build/iOS/RxTest.framework",
				"$(SRCROOT)/Carthage/Build/iOS/Kingfisher.framework",
			);
			outputPaths = (
			);
			runOnlyForDeploymentPostprocessing = 0;
			shellPath = /bin/sh;
			shellScript = "/usr/local/bin/carthage copy-frameworks";
		};
/* End PBXShellScriptBuildPhase section */

/* Begin PBXSourcesBuildPhase section */
		B4E92FE81FEBDDE30021A41D /* Sources */ = {
			isa = PBXSourcesBuildPhase;
			buildActionMask = 2147483647;
			files = (
				B4E9303D1FED01C30021A41D /* UIViewController+Extension.swift in Sources */,
				B4E930321FECFC2C0021A41D /* SearchViewController.swift in Sources */,
				B4E930471FF0E7540021A41D /* FeedCell.swift in Sources */,
				B4E92FF21FEBDDE30021A41D /* RootViewController.swift in Sources */,
				B4E92FF01FEBDDE30021A41D /* AppDelegate.swift in Sources */,
				B43FC596200370F200344483 /* SecondaryHeaderView.swift in Sources */,
				B4E9302F1FECFB510021A41D /* FeedViewController.swift in Sources */,
				B4E930381FECFC9D0021A41D /* NotificationsViewController.swift in Sources */,
				B4E9303B1FECFCBF0021A41D /* ProfileViewController.swift in Sources */,
				B48C590A1FFE72EF00C6E0E4 /* AuthorCell.swift in Sources */,
				B4E9302C1FECFA130021A41D /* CustomTabBarViewController.swift in Sources */,
				202F3CD4A95E9C7DA996EEF5 /* UIView+Extension.swift in Sources */,
				202F332E397675CF9EB4712E /* TabConvertible.swift in Sources */,
				202F3B0A81604DD63D8D87C4 /* UIColor+Extension.swift in Sources */,
				202F39B0DF308A8FD56478C9 /* Post.swift in Sources */,
				202F3FA362509F1E286C7C3F /* User.swift in Sources */,
				202F33FA9B21E4B24F799FA7 /* PostStatus.swift in Sources */,
				202F3831F550445DC4F369E9 /* FeedViewModel.swift in Sources */,
				202F3D836B47508A17CA28DD /* PostMeta.swift in Sources */,
				202F39DBD504021624EBE12F /* UILabel+Extension.swift in Sources */,
				B48C590E1FFE771500C6E0E4 /* HotAuthorView.swift in Sources */,
				202F31EAD5D8124BAC4E03C7 /* CustomNavigationViewController.swift in Sources */,
			);
			runOnlyForDeploymentPostprocessing = 0;
		};
		B4E92FFC1FEBDDE30021A41D /* Sources */ = {
			isa = PBXSourcesBuildPhase;
			buildActionMask = 2147483647;
			files = (
				B4E930051FEBDDE40021A41D /* KipalogTests.swift in Sources */,
			);
			runOnlyForDeploymentPostprocessing = 0;
		};
/* End PBXSourcesBuildPhase section */

/* Begin PBXTargetDependency section */
		B4E930021FEBDDE40021A41D /* PBXTargetDependency */ = {
			isa = PBXTargetDependency;
			target = B4E92FEB1FEBDDE30021A41D /* Kipalog */;
			targetProxy = B4E930011FEBDDE40021A41D /* PBXContainerItemProxy */;
		};
/* End PBXTargetDependency section */

/* Begin PBXVariantGroup section */
		B4E92FF31FEBDDE30021A41D /* Main.storyboard */ = {
			isa = PBXVariantGroup;
			children = (
				B4E92FF41FEBDDE30021A41D /* Base */,
			);
			name = Main.storyboard;
			sourceTree = "<group>";
		};
		B4E92FF81FEBDDE30021A41D /* LaunchScreen.storyboard */ = {
			isa = PBXVariantGroup;
			children = (
				B4E92FF91FEBDDE30021A41D /* Base */,
			);
			name = LaunchScreen.storyboard;
			sourceTree = "<group>";
		};
/* End PBXVariantGroup section */

/* Begin XCBuildConfiguration section */
		B4E930071FEBDDE40021A41D /* Debug */ = {
			isa = XCBuildConfiguration;
			buildSettings = {
				ALWAYS_SEARCH_USER_PATHS = NO;
				CLANG_ANALYZER_NONNULL = YES;
				CLANG_ANALYZER_NUMBER_OBJECT_CONVERSION = YES_AGGRESSIVE;
				CLANG_CXX_LANGUAGE_STANDARD = "gnu++14";
				CLANG_CXX_LIBRARY = "libc++";
				CLANG_ENABLE_MODULES = YES;
				CLANG_ENABLE_OBJC_ARC = YES;
				CLANG_WARN_BLOCK_CAPTURE_AUTORELEASING = YES;
				CLANG_WARN_BOOL_CONVERSION = YES;
				CLANG_WARN_COMMA = YES;
				CLANG_WARN_CONSTANT_CONVERSION = YES;
				CLANG_WARN_DIRECT_OBJC_ISA_USAGE = YES_ERROR;
				CLANG_WARN_DOCUMENTATION_COMMENTS = YES;
				CLANG_WARN_EMPTY_BODY = YES;
				CLANG_WARN_ENUM_CONVERSION = YES;
				CLANG_WARN_INFINITE_RECURSION = YES;
				CLANG_WARN_INT_CONVERSION = YES;
				CLANG_WARN_NON_LITERAL_NULL_CONVERSION = YES;
				CLANG_WARN_OBJC_LITERAL_CONVERSION = YES;
				CLANG_WARN_OBJC_ROOT_CLASS = YES_ERROR;
				CLANG_WARN_RANGE_LOOP_ANALYSIS = YES;
				CLANG_WARN_STRICT_PROTOTYPES = YES;
				CLANG_WARN_SUSPICIOUS_MOVE = YES;
				CLANG_WARN_UNGUARDED_AVAILABILITY = YES_AGGRESSIVE;
				CLANG_WARN_UNREACHABLE_CODE = YES;
				CLANG_WARN__DUPLICATE_METHOD_MATCH = YES;
				CODE_SIGN_IDENTITY = "iPhone Developer";
				COPY_PHASE_STRIP = NO;
				DEBUG_INFORMATION_FORMAT = dwarf;
				ENABLE_STRICT_OBJC_MSGSEND = YES;
				ENABLE_TESTABILITY = YES;
				GCC_C_LANGUAGE_STANDARD = gnu11;
				GCC_DYNAMIC_NO_PIC = NO;
				GCC_NO_COMMON_BLOCKS = YES;
				GCC_OPTIMIZATION_LEVEL = 0;
				GCC_PREPROCESSOR_DEFINITIONS = (
					"DEBUG=1",
					"$(inherited)",
				);
				GCC_WARN_64_TO_32_BIT_CONVERSION = YES;
				GCC_WARN_ABOUT_RETURN_TYPE = YES_ERROR;
				GCC_WARN_UNDECLARED_SELECTOR = YES;
				GCC_WARN_UNINITIALIZED_AUTOS = YES_AGGRESSIVE;
				GCC_WARN_UNUSED_FUNCTION = YES;
				GCC_WARN_UNUSED_VARIABLE = YES;
				IPHONEOS_DEPLOYMENT_TARGET = 11.2;
				MTL_ENABLE_DEBUG_INFO = YES;
				ONLY_ACTIVE_ARCH = YES;
				SDKROOT = iphoneos;
				SWIFT_ACTIVE_COMPILATION_CONDITIONS = DEBUG;
				SWIFT_OPTIMIZATION_LEVEL = "-Onone";
			};
			name = Debug;
		};
		B4E930081FEBDDE40021A41D /* Release */ = {
			isa = XCBuildConfiguration;
			buildSettings = {
				ALWAYS_SEARCH_USER_PATHS = NO;
				CLANG_ANALYZER_NONNULL = YES;
				CLANG_ANALYZER_NUMBER_OBJECT_CONVERSION = YES_AGGRESSIVE;
				CLANG_CXX_LANGUAGE_STANDARD = "gnu++14";
				CLANG_CXX_LIBRARY = "libc++";
				CLANG_ENABLE_MODULES = YES;
				CLANG_ENABLE_OBJC_ARC = YES;
				CLANG_WARN_BLOCK_CAPTURE_AUTORELEASING = YES;
				CLANG_WARN_BOOL_CONVERSION = YES;
				CLANG_WARN_COMMA = YES;
				CLANG_WARN_CONSTANT_CONVERSION = YES;
				CLANG_WARN_DIRECT_OBJC_ISA_USAGE = YES_ERROR;
				CLANG_WARN_DOCUMENTATION_COMMENTS = YES;
				CLANG_WARN_EMPTY_BODY = YES;
				CLANG_WARN_ENUM_CONVERSION = YES;
				CLANG_WARN_INFINITE_RECURSION = YES;
				CLANG_WARN_INT_CONVERSION = YES;
				CLANG_WARN_NON_LITERAL_NULL_CONVERSION = YES;
				CLANG_WARN_OBJC_LITERAL_CONVERSION = YES;
				CLANG_WARN_OBJC_ROOT_CLASS = YES_ERROR;
				CLANG_WARN_RANGE_LOOP_ANALYSIS = YES;
				CLANG_WARN_STRICT_PROTOTYPES = YES;
				CLANG_WARN_SUSPICIOUS_MOVE = YES;
				CLANG_WARN_UNGUARDED_AVAILABILITY = YES_AGGRESSIVE;
				CLANG_WARN_UNREACHABLE_CODE = YES;
				CLANG_WARN__DUPLICATE_METHOD_MATCH = YES;
				CODE_SIGN_IDENTITY = "iPhone Developer";
				COPY_PHASE_STRIP = NO;
				DEBUG_INFORMATION_FORMAT = "dwarf-with-dsym";
				ENABLE_NS_ASSERTIONS = NO;
				ENABLE_STRICT_OBJC_MSGSEND = YES;
				GCC_C_LANGUAGE_STANDARD = gnu11;
				GCC_NO_COMMON_BLOCKS = YES;
				GCC_WARN_64_TO_32_BIT_CONVERSION = YES;
				GCC_WARN_ABOUT_RETURN_TYPE = YES_ERROR;
				GCC_WARN_UNDECLARED_SELECTOR = YES;
				GCC_WARN_UNINITIALIZED_AUTOS = YES_AGGRESSIVE;
				GCC_WARN_UNUSED_FUNCTION = YES;
				GCC_WARN_UNUSED_VARIABLE = YES;
				IPHONEOS_DEPLOYMENT_TARGET = 11.2;
				MTL_ENABLE_DEBUG_INFO = NO;
				SDKROOT = iphoneos;
				SWIFT_OPTIMIZATION_LEVEL = "-Owholemodule";
				VALIDATE_PRODUCT = YES;
			};
			name = Release;
		};
		B4E9300A1FEBDDE40021A41D /* Debug */ = {
			isa = XCBuildConfiguration;
			buildSettings = {
				ASSETCATALOG_COMPILER_APPICON_NAME = AppIcon;
				CODE_SIGN_STYLE = Automatic;
				DEVELOPMENT_TEAM = QHAYH73D9C;
				FRAMEWORK_SEARCH_PATHS = (
					"$(inherited)",
					"$(PROJECT_DIR)/Carthage/Build/iOS",
				);
				INFOPLIST_FILE = "$(SRCROOT)/Kipalog/Supporting Files/Info.plist";
				IPHONEOS_DEPLOYMENT_TARGET = 10.0;
				LD_RUNPATH_SEARCH_PATHS = "$(inherited) @executable_path/Frameworks";
				PRODUCT_BUNDLE_IDENTIFIER = com.kipalog;
				PRODUCT_NAME = "$(TARGET_NAME)";
				SWIFT_VERSION = 4.0;
				TARGETED_DEVICE_FAMILY = 1;
			};
			name = Debug;
		};
		B4E9300B1FEBDDE40021A41D /* Release */ = {
			isa = XCBuildConfiguration;
			buildSettings = {
				ASSETCATALOG_COMPILER_APPICON_NAME = AppIcon;
				CODE_SIGN_STYLE = Automatic;
				DEVELOPMENT_TEAM = QHAYH73D9C;
				FRAMEWORK_SEARCH_PATHS = (
					"$(inherited)",
					"$(PROJECT_DIR)/Carthage/Build/iOS",
				);
				INFOPLIST_FILE = "$(SRCROOT)/Kipalog/Supporting Files/Info.plist";
				IPHONEOS_DEPLOYMENT_TARGET = 10.0;
				LD_RUNPATH_SEARCH_PATHS = "$(inherited) @executable_path/Frameworks";
				PRODUCT_BUNDLE_IDENTIFIER = com.kipalog;
				PRODUCT_NAME = "$(TARGET_NAME)";
				SWIFT_VERSION = 4.0;
				TARGETED_DEVICE_FAMILY = 1;
			};
			name = Release;
		};
		B4E9300D1FEBDDE40021A41D /* Debug */ = {
			isa = XCBuildConfiguration;
			buildSettings = {
				ALWAYS_EMBED_SWIFT_STANDARD_LIBRARIES = YES;
				BUNDLE_LOADER = "$(TEST_HOST)";
				CODE_SIGN_STYLE = Automatic;
				DEVELOPMENT_TEAM = QHAYH73D9C;
				INFOPLIST_FILE = KipalogTests/Info.plist;
				LD_RUNPATH_SEARCH_PATHS = "$(inherited) @executable_path/Frameworks @loader_path/Frameworks";
				PRODUCT_BUNDLE_IDENTIFIER = com.kipalog.KipalogTests;
				PRODUCT_NAME = "$(TARGET_NAME)";
				SWIFT_VERSION = 4.0;
				TARGETED_DEVICE_FAMILY = "1,2";
				TEST_HOST = "$(BUILT_PRODUCTS_DIR)/Kipalog.app/Kipalog";
			};
			name = Debug;
		};
		B4E9300E1FEBDDE40021A41D /* Release */ = {
			isa = XCBuildConfiguration;
			buildSettings = {
				ALWAYS_EMBED_SWIFT_STANDARD_LIBRARIES = YES;
				BUNDLE_LOADER = "$(TEST_HOST)";
				CODE_SIGN_STYLE = Automatic;
				DEVELOPMENT_TEAM = QHAYH73D9C;
				INFOPLIST_FILE = KipalogTests/Info.plist;
				LD_RUNPATH_SEARCH_PATHS = "$(inherited) @executable_path/Frameworks @loader_path/Frameworks";
				PRODUCT_BUNDLE_IDENTIFIER = com.kipalog.KipalogTests;
				PRODUCT_NAME = "$(TARGET_NAME)";
				SWIFT_VERSION = 4.0;
				TARGETED_DEVICE_FAMILY = "1,2";
				TEST_HOST = "$(BUILT_PRODUCTS_DIR)/Kipalog.app/Kipalog";
			};
			name = Release;
		};
/* End XCBuildConfiguration section */

/* Begin XCConfigurationList section */
		B4E92FE71FEBDDE30021A41D /* Build configuration list for PBXProject "Kipalog" */ = {
			isa = XCConfigurationList;
			buildConfigurations = (
				B4E930071FEBDDE40021A41D /* Debug */,
				B4E930081FEBDDE40021A41D /* Release */,
			);
			defaultConfigurationIsVisible = 0;
			defaultConfigurationName = Release;
		};
		B4E930091FEBDDE40021A41D /* Build configuration list for PBXNativeTarget "Kipalog" */ = {
			isa = XCConfigurationList;
			buildConfigurations = (
				B4E9300A1FEBDDE40021A41D /* Debug */,
				B4E9300B1FEBDDE40021A41D /* Release */,
			);
			defaultConfigurationIsVisible = 0;
			defaultConfigurationName = Release;
		};
		B4E9300C1FEBDDE40021A41D /* Build configuration list for PBXNativeTarget "KipalogTests" */ = {
			isa = XCConfigurationList;
			buildConfigurations = (
				B4E9300D1FEBDDE40021A41D /* Debug */,
				B4E9300E1FEBDDE40021A41D /* Release */,
			);
			defaultConfigurationIsVisible = 0;
			defaultConfigurationName = Release;
		};
/* End XCConfigurationList section */
	};
	rootObject = B4E92FE41FEBDDE30021A41D /* Project object */;
}
